
Microsoft Visual Studio Solution File, Format Version 12.00
# Visual Studio Version 17
VisualStudioVersion = 17.9.34728.123
MinimumVisualStudioVersion = 10.0.40219.1
Project("{FAE04EC0-301F-11D3-BF4B-00C04F79EFBC}") = "TddCSharp", "TddCSharp\TddCSharp.csproj", "{904CD0AD-B029-4A72-8BC8-42F049BB212F}"
EndProject
Global
	GlobalSection(SolutionConfigurationPlatforms) = preSolution
		Debug|Any CPU = Debug|Any CPU
		Release|Any CPU = Release|Any CPU
	EndGlobalSection
	GlobalSection(ProjectConfigurationPlatforms) = postSolution
		{904CD0AD-B029-4A72-8BC8-42F049BB212F}.Debug|Any CPU.ActiveCfg = Debug|Any CPU
		{904CD0AD-B029-4A72-8BC8-42F049BB212F}.Debug|Any CPU.Build.0 = Debug|Any CPU
		{904CD0AD-B029-4A72-8BC8-42F049BB212F}.Release|Any CPU.ActiveCfg = Release|Any CPU
		{904CD0AD-B029-4A72-8BC8-42F049BB212F}.Release|Any CPU.Build.0 = Release|Any CPU
	EndGlobalSection
	GlobalSection(SolutionProperties) = preSolution
		HideSolutionNode = FALSE
	EndGlobalSection
	GlobalSection(ExtensibilityGlobals) = postSolution
		SolutionGuid = {54D378C6-BECE-416C-B3BB-B85107548B02}
	EndGlobalSection
EndGlobal
